
Microsoft Visual Studio Solution File, Format Version 12.00
# Visual Studio 2013
VisualStudioVersion = 12.0.30723.0
MinimumVisualStudioVersion = 10.0.40219.1
Project("{FAE04EC0-301F-11D3-BF4B-00C04F79EFBC}") = "RestaurantUnitTest", "RestaurantUnitTest\RestaurantUnitTest.csproj", "{82452FD8-5960-4B4A-A357-14B76E6AA4BC}"
EndProject
Project("{FAE04EC0-301F-11D3-BF4B-00C04F79EFBC}") = "RestaurantUnitTest.Tests", "RestaurantUnitTest.Tests\RestaurantUnitTest.Tests.csproj", "{4E0711E3-989F-45D5-A1A5-D7157B053974}"
EndProject
Global
	GlobalSection(SolutionConfigurationPlatforms) = preSolution
		Debug|Any CPU = Debug|Any CPU
		Release|Any CPU = Release|Any CPU
	EndGlobalSection
	GlobalSection(ProjectConfigurationPlatforms) = postSolution
		{82452FD8-5960-4B4A-A357-14B76E6AA4BC}.Debug|Any CPU.ActiveCfg = Debug|Any CPU
		{82452FD8-5960-4B4A-A357-14B76E6AA4BC}.Debug|Any CPU.Build.0 = Debug|Any CPU
		{82452FD8-5960-4B4A-A357-14B76E6AA4BC}.Release|Any CPU.ActiveCfg = Release|Any CPU
		{82452FD8-5960-4B4A-A357-14B76E6AA4BC}.Release|Any CPU.Build.0 = Release|Any CPU
		{4E0711E3-989F-45D5-A1A5-D7157B053974}.Debug|Any CPU.ActiveCfg = Debug|Any CPU
		{4E0711E3-989F-45D5-A1A5-D7157B053974}.Debug|Any CPU.Build.0 = Debug|Any CPU
		{4E0711E3-989F-45D5-A1A5-D7157B053974}.Release|Any CPU.ActiveCfg = Release|Any CPU
		{4E0711E3-989F-45D5-A1A5-D7157B053974}.Release|Any CPU.Build.0 = Release|Any CPU
	EndGlobalSection
	GlobalSection(SolutionProperties) = preSolution
		HideSolutionNode = FALSE
	EndGlobalSection
	GlobalSection(Performance) = preSolution
		HasPerformanceSessions = true
	EndGlobalSection
EndGlobal
